
Microsoft Visual Studio Solution File, Format Version 12.00
# Visual Studio Version 16
VisualStudioVersion = 16.0.29123.88
MinimumVisualStudioVersion = 10.0.40219.1
Project("{FAE04EC0-301F-11D3-BF4B-00C04F79EFBC}") = "VendoCoseCommerce", "VendoCoseCommerce\VendoCoseCommerce.csproj", "{FAEF2327-00C8-409B-A711-0769ED371912}"
EndProject
Project("{FAE04EC0-301F-11D3-BF4B-00C04F79EFBC}") = "DataLayer", "DataLayer\DataLayer.csproj", "{858FA438-B552-405F-93BE-E9E64A0C97DA}"
EndProject
Project("{FAE04EC0-301F-11D3-BF4B-00C04F79EFBC}") = "DomainModel", "DomainModel\DomainModel.csproj", "{96D70FC3-F3A6-47DC-B30D-988EBD389D6F}"
EndProject
Global
	GlobalSection(SolutionConfigurationPlatforms) = preSolution
		Debug|Any CPU = Debug|Any CPU
		Release|Any CPU = Release|Any CPU
	EndGlobalSection
	GlobalSection(ProjectConfigurationPlatforms) = postSolution
		{FAEF2327-00C8-409B-A711-0769ED371912}.Debug|Any CPU.ActiveCfg = Debug|Any CPU
		{FAEF2327-00C8-409B-A711-0769ED371912}.Debug|Any CPU.Build.0 = Debug|Any CPU
		{FAEF2327-00C8-409B-A711-0769ED371912}.Release|Any CPU.ActiveCfg = Release|Any CPU
		{FAEF2327-00C8-409B-A711-0769ED371912}.Release|Any CPU.Build.0 = Release|Any CPU
		{858FA438-B552-405F-93BE-E9E64A0C97DA}.Debug|Any CPU.ActiveCfg = Debug|Any CPU
		{858FA438-B552-405F-93BE-E9E64A0C97DA}.Debug|Any CPU.Build.0 = Debug|Any CPU
		{858FA438-B552-405F-93BE-E9E64A0C97DA}.Release|Any CPU.ActiveCfg = Release|Any CPU
		{858FA438-B552-405F-93BE-E9E64A0C97DA}.Release|Any CPU.Build.0 = Release|Any CPU
		{96D70FC3-F3A6-47DC-B30D-988EBD389D6F}.Debug|Any CPU.ActiveCfg = Debug|Any CPU
		{96D70FC3-F3A6-47DC-B30D-988EBD389D6F}.Debug|Any CPU.Build.0 = Debug|Any CPU
		{96D70FC3-F3A6-47DC-B30D-988EBD389D6F}.Release|Any CPU.ActiveCfg = Release|Any CPU
		{96D70FC3-F3A6-47DC-B30D-988EBD389D6F}.Release|Any CPU.Build.0 = Release|Any CPU
	EndGlobalSection
	GlobalSection(SolutionProperties) = preSolution
		HideSolutionNode = FALSE
	EndGlobalSection
	GlobalSection(ExtensibilityGlobals) = postSolution
		SolutionGuid = {4F31D7ED-DCED-4470-8CC4-DE1E9D1B343B}
	EndGlobalSection
EndGlobal
